<?xml version="1.0" encoding="utf-8"?>
<Project ToolsVersion="4.0" xmlns="http://schemas.microsoft.com/developer/msbuild/2003">
  <ItemGroup>
    <Filter Include="win32">
      <UniqueIdentifier>{84a8ebd7-7cf0-47f6-b75e-d441df67da40}</UniqueIdentifier>
    </Filter>
    <Filter Include="resource">
      <UniqueIdentifier>{715254bc-d70b-4ec5-bf29-467dd3ace079}</UniqueIdentifier>
    </Filter>
    <Filter Include="src">
      <UniqueIdentifier>{bb6c862e-70e9-49d9-81b7-3829a6f50471}</UniqueIdentifier>
    </Filter>
    <Filter Include="src\common">
      <UniqueIdentifier>{a7a11357-7d44-41d6-b737-ff75c9517d67}</UniqueIdentifier>
    </Filter>
    <Filter Include="src\test">
      <UniqueIdentifier>{732946ee-a0d3-4d62-b56a-5debea7cea1e}</UniqueIdentifier>
    </Filter>
    <Filter Include="src\base">
      <UniqueIdentifier>{2f73745f-6836-49cc-b1b0-0a6b4ad6499b}</UniqueIdentifier>
    </Filter>
    <Filter Include="src\tmp">
      <UniqueIdentifier>{9afb5d6a-cab6-45d5-9186-0afdd13201d1}</UniqueIdentifier>
    </Filter>
    <Filter Include="src\xml">
      <UniqueIdentifier>{e81c2f8f-f289-415c-a1f8-c0b957e51dba}</UniqueIdentifier>
    </Filter>
  </ItemGroup>
  <ItemGroup>
    <ClCompile Include="main.cpp">
      <Filter>win32</Filter>
    </ClCompile>
    <ClCompile Include="..\..\brave\Classes\common\FTP.cpp">
      <Filter>src\common</Filter>
    </ClCompile>
    <ClCompile Include="..\..\brave\Classes\common\Functions.cpp">
      <Filter>src\common</Filter>
    </ClCompile>
    <ClCompile Include="..\..\brave\Classes\common\Log.cpp">
      <Filter>src\common</Filter>
    </ClCompile>
    <ClCompile Include="..\..\brave\Classes\common\md5.cpp">
      <Filter>src\common</Filter>
    </ClCompile>
    <ClCompile Include="..\..\brave\Classes\common\NetConstDefine.cpp">
      <Filter>src\common</Filter>
    </ClCompile>
    <ClCompile Include="..\..\brave\Classes\common\Socket.cpp">
      <Filter>src\common</Filter>
    </ClCompile>
    <ClCompile Include="..\..\brave\Classes\common\strCodeing.cpp">
      <Filter>src\common</Filter>
    </ClCompile>
    <ClCompile Include="..\..\brave\Classes\common\String.cpp">
      <Filter>src\common</Filter>
    </ClCompile>
    <ClCompile Include="..\..\brave\Classes\common\ArgsParse.cpp">
      <Filter>src\common</Filter>
    </ClCompile>
    <ClCompile Include="..\..\brave\Classes\common\Decoding.cpp">
      <Filter>src\common</Filter>
    </ClCompile>
    <ClCompile Include="..\..\brave\Classes\common\DirectoryInfo.cpp">
      <Filter>src\common</Filter>
    </ClCompile>
    <ClCompile Include="..\..\brave\Classes\common\Encoding.cpp">
      <Filter>src\common</Filter>
    </ClCompile>
    <ClCompile Include="..\..\brave\Classes\test\CoreElement.cpp">
      <Filter>src\test</Filter>
    </ClCompile>
    <ClCompile Include="..\..\brave\Classes\test\DragHelper.cpp">
      <Filter>src\test</Filter>
    </ClCompile>
    <ClCompile Include="..\..\brave\Classes\test\HelloWorldScene.cpp">
      <Filter>src\test</Filter>
    </ClCompile>
    <ClCompile Include="..\..\brave\Classes\engine\WorldInterface_mc.cpp">
      <Filter>src\tmp</Filter>
    </ClCompile>
    <ClCompile Include="..\..\brave\Classes\test\AppDelegate.cpp">
      <Filter>src</Filter>
    </ClCompile>
    <ClCompile Include="..\..\brave\Classes\base\BaseNode.cpp">
      <Filter>src\base</Filter>
    </ClCompile>
    <ClCompile Include="..\..\brave\Classes\base\JsonUtil.cpp">
      <Filter>src\base</Filter>
    </ClCompile>
    <ClCompile Include="..\..\brave\Classes\base\mc.cpp">
      <Filter>src\base</Filter>
    </ClCompile>
  </ItemGroup>
  <ItemGroup>
    <ClInclude Include="main.h">
      <Filter>win32</Filter>
    </ClInclude>
    <ClInclude Include="..\..\brave\Classes\common\ExpEval.hpp">
      <Filter>src\common</Filter>
    </ClInclude>
    <ClInclude Include="..\..\brave\Classes\common\FileInfo.hpp">
      <Filter>src\common</Filter>
    </ClInclude>
    <ClInclude Include="..\..\brave\Classes\common\FTP.h">
      <Filter>src\common</Filter>
    </ClInclude>
    <ClInclude Include="..\..\brave\Classes\common\Functions.h">
      <Filter>src\common</Filter>
    </ClInclude>
    <ClInclude Include="..\..\brave\Classes\common\hashMath.h">
      <Filter>src\common</Filter>
    </ClInclude>
    <ClInclude Include="..\..\brave\Classes\common\HashTable.hpp">
      <Filter>src\common</Filter>
    </ClInclude>
    <ClInclude Include="..\..\brave\Classes\common\hashTable_bak.h">
      <Filter>src\common</Filter>
    </ClInclude>
    <ClInclude Include="..\..\brave\Classes\common\HashTable2.hpp">
      <Filter>src\common</Filter>
    </ClInclude>
    <ClInclude Include="..\..\brave\Classes\common\includeHead.h">
      <Filter>src\common</Filter>
    </ClInclude>
    <ClInclude Include="..\..\brave\Classes\common\IPAddress.h">
      <Filter>src\common</Filter>
    </ClInclude>
    <ClInclude Include="..\..\brave\Classes\common\Log.h">
      <Filter>src\common</Filter>
    </ClInclude>
    <ClInclude Include="..\..\brave\Classes\common\md5.h">
      <Filter>src\common</Filter>
    </ClInclude>
    <ClInclude Include="..\..\brave\Classes\common\MulHashTable.hpp">
      <Filter>src\common</Filter>
    </ClInclude>
    <ClInclude Include="..\..\brave\Classes\common\MulHashTable2.hpp">
      <Filter>src\common</Filter>
    </ClInclude>
    <ClInclude Include="..\..\brave\Classes\common\NetConstDefine.h">
      <Filter>src\common</Filter>
    </ClInclude>
    <ClInclude Include="..\..\brave\Classes\common\NetworkStream.h">
      <Filter>src\common</Filter>
    </ClInclude>
    <ClInclude Include="..\..\brave\Classes\common\numMap.hpp">
      <Filter>src\common</Filter>
    </ClInclude>
    <ClInclude Include="..\..\brave\Classes\common\platform.h">
      <Filter>src\common</Filter>
    </ClInclude>
    <ClInclude Include="..\..\brave\Classes\common\Socket.h">
      <Filter>src\common</Filter>
    </ClInclude>
    <ClInclude Include="..\..\brave\Classes\common\strCoding.h">
      <Filter>src\common</Filter>
    </ClInclude>
    <ClInclude Include="..\..\brave\Classes\common\String.h">
      <Filter>src\common</Filter>
    </ClInclude>
    <ClInclude Include="..\..\brave\Classes\common\TcpClient.h">
      <Filter>src\common</Filter>
    </ClInclude>
    <ClInclude Include="..\..\brave\Classes\common\TcpListener.h">
      <Filter>src\common</Filter>
    </ClInclude>
    <ClInclude Include="..\..\brave\Classes\common\TimeSpan.h">
      <Filter>src\common</Filter>
    </ClInclude>
    <ClInclude Include="..\..\brave\Classes\common\UdpClient.h">
      <Filter>src\common</Filter>
    </ClInclude>
    <ClInclude Include="..\..\brave\Classes\common\ArgsParse.h">
      <Filter>src\common</Filter>
    </ClInclude>
    <ClInclude Include="..\..\brave\Classes\common\Array.h">
      <Filter>src\common</Filter>
    </ClInclude>
    <ClInclude Include="..\..\brave\Classes\common\BTree.hpp">
      <Filter>src\common</Filter>
    </ClInclude>
    <ClInclude Include="..\..\brave\Classes\common\CalcExp.h">
      <Filter>src\common</Filter>
    </ClInclude>
    <ClInclude Include="..\..\brave\Classes\common\Common.h">
      <Filter>src\common</Filter>
    </ClInclude>
    <ClInclude Include="..\..\brave\Classes\common\Connection.h">
      <Filter>src\common</Filter>
    </ClInclude>
    <ClInclude Include="..\..\brave\Classes\common\Convert.h">
      <Filter>src\common</Filter>
    </ClInclude>
    <ClInclude Include="..\..\brave\Classes\common\DataTable.h">
      <Filter>src\common</Filter>
    </ClInclude>
    <ClInclude Include="..\..\brave\Classes\common\DateTime.h">
      <Filter>src\common</Filter>
    </ClInclude>
    <ClInclude Include="..\..\brave\Classes\common\DateTimeFun.h">
      <Filter>src\common</Filter>
    </ClInclude>
    <ClInclude Include="..\..\brave\Classes\common\DateTimer.h">
      <Filter>src\common</Filter>
    </ClInclude>
    <ClInclude Include="..\..\brave\Classes\common\Decoding.h">
      <Filter>src\common</Filter>
    </ClInclude>
    <ClInclude Include="..\..\brave\Classes\common\DirectoryInfo.hpp">
      <Filter>src\common</Filter>
    </ClInclude>
    <ClInclude Include="..\..\brave\Classes\common\Encoding.h">
      <Filter>src\common</Filter>
    </ClInclude>
    <ClInclude Include="..\..\brave\Classes\common\Enums.h">
      <Filter>src\common</Filter>
    </ClInclude>
    <ClInclude Include="..\..\brave\Classes\common\Eval.h">
      <Filter>src\common</Filter>
    </ClInclude>
    <ClInclude Include="..\..\brave\Classes\common\Exception.h">
      <Filter>src\common</Filter>
    </ClInclude>
    <ClInclude Include="..\..\brave\Classes\common\ExpEval.h">
      <Filter>src\common</Filter>
    </ClInclude>
    <ClInclude Include="..\..\brave\Classes\test\AnimationBase.h">
      <Filter>src\test</Filter>
    </ClInclude>
    <ClInclude Include="..\..\brave\Classes\test\AnimationLayer.h">
      <Filter>src\test</Filter>
    </ClInclude>
    <ClInclude Include="..\..\brave\Classes\test\BaseDemo.h">
      <Filter>src\test</Filter>
    </ClInclude>
    <ClInclude Include="..\..\brave\Classes\test\BoneOffset.h">
      <Filter>src\test</Filter>
    </ClInclude>
    <ClInclude Include="..\..\brave\Classes\test\BoundingBox.h">
      <Filter>src\test</Filter>
    </ClInclude>
    <ClInclude Include="..\..\brave\Classes\test\CoreElement.h">
      <Filter>src\test</Filter>
    </ClInclude>
    <ClInclude Include="..\..\brave\Classes\test\DragHelper.h">
      <Filter>src\test</Filter>
    </ClInclude>
    <ClInclude Include="..\..\brave\Classes\test\DragonBonesEvent.h">
      <Filter>src\test</Filter>
    </ClInclude>
    <ClInclude Include="..\..\brave\Classes\test\HelloDragonBones.h">
      <Filter>src\test</Filter>
    </ClInclude>
    <ClInclude Include="..\..\brave\Classes\test\HelloWorldScene.h">
      <Filter>src\test</Filter>
    </ClInclude>
    <ClInclude Include="..\..\brave\Classes\test\InverseKinematics.h">
      <Filter>src\test</Filter>
    </ClInclude>
    <ClInclude Include="..\..\brave\Classes\test\PerformanceTest.h">
      <Filter>src\test</Filter>
    </ClInclude>
    <ClInclude Include="..\..\brave\Classes\test\ReplaceAnimation.h">
      <Filter>src\test</Filter>
    </ClInclude>
    <ClInclude Include="..\..\brave\Classes\test\ReplaceSkin.h">
      <Filter>src\test</Filter>
    </ClInclude>
    <ClInclude Include="..\..\brave\Classes\test\ReplaceSlotDisplay.h">
      <Filter>src\test</Filter>
    </ClInclude>
    <ClInclude Include="..\..\brave\Classes\engine\WorldInterface_mc.h">
      <Filter>src\tmp</Filter>
    </ClInclude>
    <ClInclude Include="..\..\brave\Classes\test\AppDelegate.h">
      <Filter>src</Filter>
    </ClInclude>
    <ClInclude Include="..\..\brave\Classes\test\WorldInterface.h">
      <Filter>src\tmp</Filter>
    </ClInclude>
    <ClInclude Include="..\..\brave\Classes\base\AllHeaders.h">
      <Filter>src\base</Filter>
    </ClInclude>
    <ClInclude Include="..\..\brave\Classes\base\BaseHeaders.h">
      <Filter>src\base</Filter>
    </ClInclude>
    <ClInclude Include="..\..\brave\Classes\base\BaseLayer.h">
      <Filter>src\base</Filter>
    </ClInclude>
    <ClInclude Include="..\..\brave\Classes\base\BaseNode.h">
      <Filter>src\base</Filter>
    </ClInclude>
    <ClInclude Include="..\..\brave\Classes\base\JsonUtil.h">
      <Filter>src\base</Filter>
    </ClInclude>
    <ClInclude Include="..\..\brave\Classes\base\mc.h">
      <Filter>src\base</Filter>
    </ClInclude>
    <ClInclude Include="..\..\brave\Classes\test\DBComTest.h">
      <Filter>src\tmp</Filter>
    </ClInclude>
    <ClInclude Include="..\..\brave\Classes\test\DBComSubTest.h">
      <Filter>src\tmp</Filter>
    </ClInclude>
  </ItemGroup>
  <ItemGroup>
    <ResourceCompile Include="game.rc">
      <Filter>resource</Filter>
    </ResourceCompile>
  </ItemGroup>
</Project>